
Microsoft Visual Studio Solution File, Format Version 12.00
# Visual Studio 15
VisualStudioVersion = 15.0.26124.0
MinimumVisualStudioVersion = 15.0.26124.0
Project("{2150E333-8FDC-42A3-9474-1A3956D46DE8}") = "andromeda", "andromeda", "{BEA573AC-544B-455C-BC8E-5E9B146139B6}"
EndProject
Project("{FAE04EC0-301F-11D3-BF4B-00C04F79EFBC}") = "Andromeda.Commands", "andromeda\Andromeda.Commands\Andromeda.Commands.csproj", "{E7D190B1-BD6D-410B-ACA9-3A90E07AF869}"
EndProject
Project("{FAE04EC0-301F-11D3-BF4B-00C04F79EFBC}") = "Andromeda.Common", "andromeda\Andromeda.Common\Andromeda.Common.csproj", "{1D5318E5-1419-41F1-851C-EFA02F06B067}"
EndProject
Project("{FAE04EC0-301F-11D3-BF4B-00C04F79EFBC}") = "Andromeda.ConsoleApp", "andromeda\Andromeda.ConsoleApp\Andromeda.ConsoleApp.csproj", "{16FDF1A9-4A0A-45FC-AD76-59F8BEA753F1}"
EndProject
Project("{FAE04EC0-301F-11D3-BF4B-00C04F79EFBC}") = "DataLakeModels", "andromeda\DataLakeModels\DataLakeModels.csproj", "{18339B91-DED9-45E5-A3D1-02EA07EDBEE0}"
EndProject
Project("{FAE04EC0-301F-11D3-BF4B-00C04F79EFBC}") = "Jobs.Fetcher.AdWords", "andromeda\Jobs.Fetcher.AdWords\Jobs.Fetcher.AdWords.csproj", "{6D28BB24-F985-4AF7-A090-B218D58EFFCD}"
EndProject
Project("{FAE04EC0-301F-11D3-BF4B-00C04F79EFBC}") = "Jobs.Fetcher.Facebook", "andromeda\Jobs.Fetcher.Facebook\Jobs.Fetcher.Facebook.csproj", "{B5EED9ED-235D-4028-A026-5BD0518DC5F5}"
EndProject
Project("{FAE04EC0-301F-11D3-BF4B-00C04F79EFBC}") = "Jobs.Fetcher.YouTube", "andromeda\Jobs.Fetcher.YouTube\Jobs.Fetcher.YouTube.csproj", "{B786DB4C-8622-428E-8378-3FF1B66E3BD9}"
EndProject
Project("{FAE04EC0-301F-11D3-BF4B-00C04F79EFBC}") = "Test", "andromeda\Test\Test.csproj", "{1815780C-A399-4E4D-A24F-1620C8BDBDC7}"
EndProject
Project("{FAE04EC0-301F-11D3-BF4B-00C04F79EFBC}") = "ApplicationModels", "ApplicationModels\ApplicationModels.csproj", "{6FC15341-C778-4394-9993-93AF699709DA}"
EndProject
Project("{FAE04EC0-301F-11D3-BF4B-00C04F79EFBC}") = "Common", "Common\Common.csproj", "{3145E31A-BE79-4F77-A98D-011150E743E2}"
EndProject
Project("{FAE04EC0-301F-11D3-BF4B-00C04F79EFBC}") = "ConsoleApp", "ConsoleApp\ConsoleApp.csproj", "{C78607A8-EEC8-4B6F-82E4-9534A6E0C864}"
EndProject
Project("{FAE04EC0-301F-11D3-BF4B-00C04F79EFBC}") = "Jobs.Transformation", "Jobs.Transformation\Jobs.Transformation.csproj", "{D798B4BD-8B9F-49D9-A371-9A314C8BFBC7}"
EndProject
Project("{FAE04EC0-301F-11D3-BF4B-00C04F79EFBC}") = "Test", "Test\Test.csproj", "{6F00A439-BCA0-4D0D-B078-54A39B65D1DB}"
EndProject
Project("{FAE04EC0-301F-11D3-BF4B-00C04F79EFBC}") = "WebApp", "WebApp\WebApp.csproj", "{92E13350-C9DA-4510-929B-AFB03D15F875}"
EndProject
Global
	GlobalSection(SolutionConfigurationPlatforms) = preSolution
		Debug|Any CPU = Debug|Any CPU
		Debug|x64 = Debug|x64
		Debug|x86 = Debug|x86
		Release|Any CPU = Release|Any CPU
		Release|x64 = Release|x64
		Release|x86 = Release|x86
	EndGlobalSection
	GlobalSection(SolutionProperties) = preSolution
		HideSolutionNode = FALSE
	EndGlobalSection
	GlobalSection(ProjectConfigurationPlatforms) = postSolution
		{E7D190B1-BD6D-410B-ACA9-3A90E07AF869}.Debug|Any CPU.ActiveCfg = Debug|Any CPU
		{E7D190B1-BD6D-410B-ACA9-3A90E07AF869}.Debug|Any CPU.Build.0 = Debug|Any CPU
		{E7D190B1-BD6D-410B-ACA9-3A90E07AF869}.Debug|x64.ActiveCfg = Debug|Any CPU
		{E7D190B1-BD6D-410B-ACA9-3A90E07AF869}.Debug|x64.Build.0 = Debug|Any CPU
		{E7D190B1-BD6D-410B-ACA9-3A90E07AF869}.Debug|x86.ActiveCfg = Debug|Any CPU
		{E7D190B1-BD6D-410B-ACA9-3A90E07AF869}.Debug|x86.Build.0 = Debug|Any CPU
		{E7D190B1-BD6D-410B-ACA9-3A90E07AF869}.Release|Any CPU.ActiveCfg = Release|Any CPU
		{E7D190B1-BD6D-410B-ACA9-3A90E07AF869}.Release|Any CPU.Build.0 = Release|Any CPU
		{E7D190B1-BD6D-410B-ACA9-3A90E07AF869}.Release|x64.ActiveCfg = Release|Any CPU
		{E7D190B1-BD6D-410B-ACA9-3A90E07AF869}.Release|x64.Build.0 = Release|Any CPU
		{E7D190B1-BD6D-410B-ACA9-3A90E07AF869}.Release|x86.ActiveCfg = Release|Any CPU
		{E7D190B1-BD6D-410B-ACA9-3A90E07AF869}.Release|x86.Build.0 = Release|Any CPU
		{1D5318E5-1419-41F1-851C-EFA02F06B067}.Debug|Any CPU.ActiveCfg = Debug|Any CPU
		{1D5318E5-1419-41F1-851C-EFA02F06B067}.Debug|Any CPU.Build.0 = Debug|Any CPU
		{1D5318E5-1419-41F1-851C-EFA02F06B067}.Debug|x64.ActiveCfg = Debug|Any CPU
		{1D5318E5-1419-41F1-851C-EFA02F06B067}.Debug|x64.Build.0 = Debug|Any CPU
		{1D5318E5-1419-41F1-851C-EFA02F06B067}.Debug|x86.ActiveCfg = Debug|Any CPU
		{1D5318E5-1419-41F1-851C-EFA02F06B067}.Debug|x86.Build.0 = Debug|Any CPU
		{1D5318E5-1419-41F1-851C-EFA02F06B067}.Release|Any CPU.ActiveCfg = Release|Any CPU
		{1D5318E5-1419-41F1-851C-EFA02F06B067}.Release|Any CPU.Build.0 = Release|Any CPU
		{1D5318E5-1419-41F1-851C-EFA02F06B067}.Release|x64.ActiveCfg = Release|Any CPU
		{1D5318E5-1419-41F1-851C-EFA02F06B067}.Release|x64.Build.0 = Release|Any CPU
		{1D5318E5-1419-41F1-851C-EFA02F06B067}.Release|x86.ActiveCfg = Release|Any CPU
		{1D5318E5-1419-41F1-851C-EFA02F06B067}.Release|x86.Build.0 = Release|Any CPU
		{16FDF1A9-4A0A-45FC-AD76-59F8BEA753F1}.Debug|Any CPU.ActiveCfg = Debug|Any CPU
		{16FDF1A9-4A0A-45FC-AD76-59F8BEA753F1}.Debug|Any CPU.Build.0 = Debug|Any CPU
		{16FDF1A9-4A0A-45FC-AD76-59F8BEA753F1}.Debug|x64.ActiveCfg = Debug|Any CPU
		{16FDF1A9-4A0A-45FC-AD76-59F8BEA753F1}.Debug|x64.Build.0 = Debug|Any CPU
		{16FDF1A9-4A0A-45FC-AD76-59F8BEA753F1}.Debug|x86.ActiveCfg = Debug|Any CPU
		{16FDF1A9-4A0A-45FC-AD76-59F8BEA753F1}.Debug|x86.Build.0 = Debug|Any CPU
		{16FDF1A9-4A0A-45FC-AD76-59F8BEA753F1}.Release|Any CPU.ActiveCfg = Release|Any CPU
		{16FDF1A9-4A0A-45FC-AD76-59F8BEA753F1}.Release|Any CPU.Build.0 = Release|Any CPU
		{16FDF1A9-4A0A-45FC-AD76-59F8BEA753F1}.Release|x64.ActiveCfg = Release|Any CPU
		{16FDF1A9-4A0A-45FC-AD76-59F8BEA753F1}.Release|x64.Build.0 = Release|Any CPU
		{16FDF1A9-4A0A-45FC-AD76-59F8BEA753F1}.Release|x86.ActiveCfg = Release|Any CPU
		{16FDF1A9-4A0A-45FC-AD76-59F8BEA753F1}.Release|x86.Build.0 = Release|Any CPU
		{18339B91-DED9-45E5-A3D1-02EA07EDBEE0}.Debug|Any CPU.ActiveCfg = Debug|Any CPU
		{18339B91-DED9-45E5-A3D1-02EA07EDBEE0}.Debug|Any CPU.Build.0 = Debug|Any CPU
		{18339B91-DED9-45E5-A3D1-02EA07EDBEE0}.Debug|x64.ActiveCfg = Debug|Any CPU
		{18339B91-DED9-45E5-A3D1-02EA07EDBEE0}.Debug|x64.Build.0 = Debug|Any CPU
		{18339B91-DED9-45E5-A3D1-02EA07EDBEE0}.Debug|x86.ActiveCfg = Debug|Any CPU
		{18339B91-DED9-45E5-A3D1-02EA07EDBEE0}.Debug|x86.Build.0 = Debug|Any CPU
		{18339B91-DED9-45E5-A3D1-02EA07EDBEE0}.Release|Any CPU.ActiveCfg = Release|Any CPU
		{18339B91-DED9-45E5-A3D1-02EA07EDBEE0}.Release|Any CPU.Build.0 = Release|Any CPU
		{18339B91-DED9-45E5-A3D1-02EA07EDBEE0}.Release|x64.ActiveCfg = Release|Any CPU
		{18339B91-DED9-45E5-A3D1-02EA07EDBEE0}.Release|x64.Build.0 = Release|Any CPU
		{18339B91-DED9-45E5-A3D1-02EA07EDBEE0}.Release|x86.ActiveCfg = Release|Any CPU
		{18339B91-DED9-45E5-A3D1-02EA07EDBEE0}.Release|x86.Build.0 = Release|Any CPU
		{6D28BB24-F985-4AF7-A090-B218D58EFFCD}.Debug|Any CPU.ActiveCfg = Debug|Any CPU
		{6D28BB24-F985-4AF7-A090-B218D58EFFCD}.Debug|Any CPU.Build.0 = Debug|Any CPU
		{6D28BB24-F985-4AF7-A090-B218D58EFFCD}.Debug|x64.ActiveCfg = Debug|Any CPU
		{6D28BB24-F985-4AF7-A090-B218D58EFFCD}.Debug|x64.Build.0 = Debug|Any CPU
		{6D28BB24-F985-4AF7-A090-B218D58EFFCD}.Debug|x86.ActiveCfg = Debug|Any CPU
		{6D28BB24-F985-4AF7-A090-B218D58EFFCD}.Debug|x86.Build.0 = Debug|Any CPU
		{6D28BB24-F985-4AF7-A090-B218D58EFFCD}.Release|Any CPU.ActiveCfg = Release|Any CPU
		{6D28BB24-F985-4AF7-A090-B218D58EFFCD}.Release|Any CPU.Build.0 = Release|Any CPU
		{6D28BB24-F985-4AF7-A090-B218D58EFFCD}.Release|x64.ActiveCfg = Release|Any CPU
		{6D28BB24-F985-4AF7-A090-B218D58EFFCD}.Release|x64.Build.0 = Release|Any CPU
		{6D28BB24-F985-4AF7-A090-B218D58EFFCD}.Release|x86.ActiveCfg = Release|Any CPU
		{6D28BB24-F985-4AF7-A090-B218D58EFFCD}.Release|x86.Build.0 = Release|Any CPU
		{B5EED9ED-235D-4028-A026-5BD0518DC5F5}.Debug|Any CPU.ActiveCfg = Debug|Any CPU
		{B5EED9ED-235D-4028-A026-5BD0518DC5F5}.Debug|Any CPU.Build.0 = Debug|Any CPU
		{B5EED9ED-235D-4028-A026-5BD0518DC5F5}.Debug|x64.ActiveCfg = Debug|Any CPU
		{B5EED9ED-235D-4028-A026-5BD0518DC5F5}.Debug|x64.Build.0 = Debug|Any CPU
		{B5EED9ED-235D-4028-A026-5BD0518DC5F5}.Debug|x86.ActiveCfg = Debug|Any CPU
		{B5EED9ED-235D-4028-A026-5BD0518DC5F5}.Debug|x86.Build.0 = Debug|Any CPU
		{B5EED9ED-235D-4028-A026-5BD0518DC5F5}.Release|Any CPU.ActiveCfg = Release|Any CPU
		{B5EED9ED-235D-4028-A026-5BD0518DC5F5}.Release|Any CPU.Build.0 = Release|Any CPU
		{B5EED9ED-235D-4028-A026-5BD0518DC5F5}.Release|x64.ActiveCfg = Release|Any CPU
		{B5EED9ED-235D-4028-A026-5BD0518DC5F5}.Release|x64.Build.0 = Release|Any CPU
		{B5EED9ED-235D-4028-A026-5BD0518DC5F5}.Release|x86.ActiveCfg = Release|Any CPU
		{B5EED9ED-235D-4028-A026-5BD0518DC5F5}.Release|x86.Build.0 = Release|Any CPU
		{B786DB4C-8622-428E-8378-3FF1B66E3BD9}.Debug|Any CPU.ActiveCfg = Debug|Any CPU
		{B786DB4C-8622-428E-8378-3FF1B66E3BD9}.Debug|Any CPU.Build.0 = Debug|Any CPU
		{B786DB4C-8622-428E-8378-3FF1B66E3BD9}.Debug|x64.ActiveCfg = Debug|Any CPU
		{B786DB4C-8622-428E-8378-3FF1B66E3BD9}.Debug|x64.Build.0 = Debug|Any CPU
		{B786DB4C-8622-428E-8378-3FF1B66E3BD9}.Debug|x86.ActiveCfg = Debug|Any CPU
		{B786DB4C-8622-428E-8378-3FF1B66E3BD9}.Debug|x86.Build.0 = Debug|Any CPU
		{B786DB4C-8622-428E-8378-3FF1B66E3BD9}.Release|Any CPU.ActiveCfg = Release|Any CPU
		{B786DB4C-8622-428E-8378-3FF1B66E3BD9}.Release|Any CPU.Build.0 = Release|Any CPU
		{B786DB4C-8622-428E-8378-3FF1B66E3BD9}.Release|x64.ActiveCfg = Release|Any CPU
		{B786DB4C-8622-428E-8378-3FF1B66E3BD9}.Release|x64.Build.0 = Release|Any CPU
		{B786DB4C-8622-428E-8378-3FF1B66E3BD9}.Release|x86.ActiveCfg = Release|Any CPU
		{B786DB4C-8622-428E-8378-3FF1B66E3BD9}.Release|x86.Build.0 = Release|Any CPU
		{1815780C-A399-4E4D-A24F-1620C8BDBDC7}.Debug|Any CPU.ActiveCfg = Debug|Any CPU
		{1815780C-A399-4E4D-A24F-1620C8BDBDC7}.Debug|Any CPU.Build.0 = Debug|Any CPU
		{1815780C-A399-4E4D-A24F-1620C8BDBDC7}.Debug|x64.ActiveCfg = Debug|Any CPU
		{1815780C-A399-4E4D-A24F-1620C8BDBDC7}.Debug|x64.Build.0 = Debug|Any CPU
		{1815780C-A399-4E4D-A24F-1620C8BDBDC7}.Debug|x86.ActiveCfg = Debug|Any CPU
		{1815780C-A399-4E4D-A24F-1620C8BDBDC7}.Debug|x86.Build.0 = Debug|Any CPU
		{1815780C-A399-4E4D-A24F-1620C8BDBDC7}.Release|Any CPU.ActiveCfg = Release|Any CPU
		{1815780C-A399-4E4D-A24F-1620C8BDBDC7}.Release|Any CPU.Build.0 = Release|Any CPU
		{1815780C-A399-4E4D-A24F-1620C8BDBDC7}.Release|x64.ActiveCfg = Release|Any CPU
		{1815780C-A399-4E4D-A24F-1620C8BDBDC7}.Release|x64.Build.0 = Release|Any CPU
		{1815780C-A399-4E4D-A24F-1620C8BDBDC7}.Release|x86.ActiveCfg = Release|Any CPU
		{1815780C-A399-4E4D-A24F-1620C8BDBDC7}.Release|x86.Build.0 = Release|Any CPU
		{6FC15341-C778-4394-9993-93AF699709DA}.Debug|Any CPU.ActiveCfg = Debug|Any CPU
		{6FC15341-C778-4394-9993-93AF699709DA}.Debug|Any CPU.Build.0 = Debug|Any CPU
		{6FC15341-C778-4394-9993-93AF699709DA}.Debug|x64.ActiveCfg = Debug|Any CPU
		{6FC15341-C778-4394-9993-93AF699709DA}.Debug|x64.Build.0 = Debug|Any CPU
		{6FC15341-C778-4394-9993-93AF699709DA}.Debug|x86.ActiveCfg = Debug|Any CPU
		{6FC15341-C778-4394-9993-93AF699709DA}.Debug|x86.Build.0 = Debug|Any CPU
		{6FC15341-C778-4394-9993-93AF699709DA}.Release|Any CPU.ActiveCfg = Release|Any CPU
		{6FC15341-C778-4394-9993-93AF699709DA}.Release|Any CPU.Build.0 = Release|Any CPU
		{6FC15341-C778-4394-9993-93AF699709DA}.Release|x64.ActiveCfg = Release|Any CPU
		{6FC15341-C778-4394-9993-93AF699709DA}.Release|x64.Build.0 = Release|Any CPU
		{6FC15341-C778-4394-9993-93AF699709DA}.Release|x86.ActiveCfg = Release|Any CPU
		{6FC15341-C778-4394-9993-93AF699709DA}.Release|x86.Build.0 = Release|Any CPU
		{3145E31A-BE79-4F77-A98D-011150E743E2}.Debug|Any CPU.ActiveCfg = Debug|Any CPU
		{3145E31A-BE79-4F77-A98D-011150E743E2}.Debug|Any CPU.Build.0 = Debug|Any CPU
		{3145E31A-BE79-4F77-A98D-011150E743E2}.Debug|x64.ActiveCfg = Debug|Any CPU
		{3145E31A-BE79-4F77-A98D-011150E743E2}.Debug|x64.Build.0 = Debug|Any CPU
		{3145E31A-BE79-4F77-A98D-011150E743E2}.Debug|x86.ActiveCfg = Debug|Any CPU
		{3145E31A-BE79-4F77-A98D-011150E743E2}.Debug|x86.Build.0 = Debug|Any CPU
		{3145E31A-BE79-4F77-A98D-011150E743E2}.Release|Any CPU.ActiveCfg = Release|Any CPU
		{3145E31A-BE79-4F77-A98D-011150E743E2}.Release|Any CPU.Build.0 = Release|Any CPU
		{3145E31A-BE79-4F77-A98D-011150E743E2}.Release|x64.ActiveCfg = Release|Any CPU
		{3145E31A-BE79-4F77-A98D-011150E743E2}.Release|x64.Build.0 = Release|Any CPU
		{3145E31A-BE79-4F77-A98D-011150E743E2}.Release|x86.ActiveCfg = Release|Any CPU
		{3145E31A-BE79-4F77-A98D-011150E743E2}.Release|x86.Build.0 = Release|Any CPU
		{C78607A8-EEC8-4B6F-82E4-9534A6E0C864}.Debug|Any CPU.ActiveCfg = Debug|Any CPU
		{C78607A8-EEC8-4B6F-82E4-9534A6E0C864}.Debug|Any CPU.Build.0 = Debug|Any CPU
		{C78607A8-EEC8-4B6F-82E4-9534A6E0C864}.Debug|x64.ActiveCfg = Debug|Any CPU
		{C78607A8-EEC8-4B6F-82E4-9534A6E0C864}.Debug|x64.Build.0 = Debug|Any CPU
		{C78607A8-EEC8-4B6F-82E4-9534A6E0C864}.Debug|x86.ActiveCfg = Debug|Any CPU
		{C78607A8-EEC8-4B6F-82E4-9534A6E0C864}.Debug|x86.Build.0 = Debug|Any CPU
		{C78607A8-EEC8-4B6F-82E4-9534A6E0C864}.Release|Any CPU.ActiveCfg = Release|Any CPU
		{C78607A8-EEC8-4B6F-82E4-9534A6E0C864}.Release|Any CPU.Build.0 = Release|Any CPU
		{C78607A8-EEC8-4B6F-82E4-9534A6E0C864}.Release|x64.ActiveCfg = Release|Any CPU
		{C78607A8-EEC8-4B6F-82E4-9534A6E0C864}.Release|x64.Build.0 = Release|Any CPU
		{C78607A8-EEC8-4B6F-82E4-9534A6E0C864}.Release|x86.ActiveCfg = Release|Any CPU
		{C78607A8-EEC8-4B6F-82E4-9534A6E0C864}.Release|x86.Build.0 = Release|Any CPU
		{D798B4BD-8B9F-49D9-A371-9A314C8BFBC7}.Debug|Any CPU.ActiveCfg = Debug|Any CPU
		{D798B4BD-8B9F-49D9-A371-9A314C8BFBC7}.Debug|Any CPU.Build.0 = Debug|Any CPU
		{D798B4BD-8B9F-49D9-A371-9A314C8BFBC7}.Debug|x64.ActiveCfg = Debug|Any CPU
		{D798B4BD-8B9F-49D9-A371-9A314C8BFBC7}.Debug|x64.Build.0 = Debug|Any CPU
		{D798B4BD-8B9F-49D9-A371-9A314C8BFBC7}.Debug|x86.ActiveCfg = Debug|Any CPU
		{D798B4BD-8B9F-49D9-A371-9A314C8BFBC7}.Debug|x86.Build.0 = Debug|Any CPU
		{D798B4BD-8B9F-49D9-A371-9A314C8BFBC7}.Release|Any CPU.ActiveCfg = Release|Any CPU
		{D798B4BD-8B9F-49D9-A371-9A314C8BFBC7}.Release|Any CPU.Build.0 = Release|Any CPU
		{D798B4BD-8B9F-49D9-A371-9A314C8BFBC7}.Release|x64.ActiveCfg = Release|Any CPU
		{D798B4BD-8B9F-49D9-A371-9A314C8BFBC7}.Release|x64.Build.0 = Release|Any CPU
		{D798B4BD-8B9F-49D9-A371-9A314C8BFBC7}.Release|x86.ActiveCfg = Release|Any CPU
		{D798B4BD-8B9F-49D9-A371-9A314C8BFBC7}.Release|x86.Build.0 = Release|Any CPU
		{6F00A439-BCA0-4D0D-B078-54A39B65D1DB}.Debug|Any CPU.ActiveCfg = Debug|Any CPU
		{6F00A439-BCA0-4D0D-B078-54A39B65D1DB}.Debug|Any CPU.Build.0 = Debug|Any CPU
		{6F00A439-BCA0-4D0D-B078-54A39B65D1DB}.Debug|x64.ActiveCfg = Debug|Any CPU
		{6F00A439-BCA0-4D0D-B078-54A39B65D1DB}.Debug|x64.Build.0 = Debug|Any CPU
		{6F00A439-BCA0-4D0D-B078-54A39B65D1DB}.Debug|x86.ActiveCfg = Debug|Any CPU
		{6F00A439-BCA0-4D0D-B078-54A39B65D1DB}.Debug|x86.Build.0 = Debug|Any CPU
		{6F00A439-BCA0-4D0D-B078-54A39B65D1DB}.Release|Any CPU.ActiveCfg = Release|Any CPU
		{6F00A439-BCA0-4D0D-B078-54A39B65D1DB}.Release|Any CPU.Build.0 = Release|Any CPU
		{6F00A439-BCA0-4D0D-B078-54A39B65D1DB}.Release|x64.ActiveCfg = Release|Any CPU
		{6F00A439-BCA0-4D0D-B078-54A39B65D1DB}.Release|x64.Build.0 = Release|Any CPU
		{6F00A439-BCA0-4D0D-B078-54A39B65D1DB}.Release|x86.ActiveCfg = Release|Any CPU
		{6F00A439-BCA0-4D0D-B078-54A39B65D1DB}.Release|x86.Build.0 = Release|Any CPU
		{92E13350-C9DA-4510-929B-AFB03D15F875}.Debug|Any CPU.ActiveCfg = Debug|Any CPU
		{92E13350-C9DA-4510-929B-AFB03D15F875}.Debug|Any CPU.Build.0 = Debug|Any CPU
		{92E13350-C9DA-4510-929B-AFB03D15F875}.Debug|x64.ActiveCfg = Debug|Any CPU
		{92E13350-C9DA-4510-929B-AFB03D15F875}.Debug|x64.Build.0 = Debug|Any CPU
		{92E13350-C9DA-4510-929B-AFB03D15F875}.Debug|x86.ActiveCfg = Debug|Any CPU
		{92E13350-C9DA-4510-929B-AFB03D15F875}.Debug|x86.Build.0 = Debug|Any CPU
		{92E13350-C9DA-4510-929B-AFB03D15F875}.Release|Any CPU.ActiveCfg = Release|Any CPU
		{92E13350-C9DA-4510-929B-AFB03D15F875}.Release|Any CPU.Build.0 = Release|Any CPU
		{92E13350-C9DA-4510-929B-AFB03D15F875}.Release|x64.ActiveCfg = Release|Any CPU
		{92E13350-C9DA-4510-929B-AFB03D15F875}.Release|x64.Build.0 = Release|Any CPU
		{92E13350-C9DA-4510-929B-AFB03D15F875}.Release|x86.ActiveCfg = Release|Any CPU
		{92E13350-C9DA-4510-929B-AFB03D15F875}.Release|x86.Build.0 = Release|Any CPU
	EndGlobalSection
	GlobalSection(NestedProjects) = preSolution
		{E7D190B1-BD6D-410B-ACA9-3A90E07AF869} = {BEA573AC-544B-455C-BC8E-5E9B146139B6}
		{1D5318E5-1419-41F1-851C-EFA02F06B067} = {BEA573AC-544B-455C-BC8E-5E9B146139B6}
		{16FDF1A9-4A0A-45FC-AD76-59F8BEA753F1} = {BEA573AC-544B-455C-BC8E-5E9B146139B6}
		{18339B91-DED9-45E5-A3D1-02EA07EDBEE0} = {BEA573AC-544B-455C-BC8E-5E9B146139B6}
		{6D28BB24-F985-4AF7-A090-B218D58EFFCD} = {BEA573AC-544B-455C-BC8E-5E9B146139B6}
		{B5EED9ED-235D-4028-A026-5BD0518DC5F5} = {BEA573AC-544B-455C-BC8E-5E9B146139B6}
		{B786DB4C-8622-428E-8378-3FF1B66E3BD9} = {BEA573AC-544B-455C-BC8E-5E9B146139B6}
		{1815780C-A399-4E4D-A24F-1620C8BDBDC7} = {BEA573AC-544B-455C-BC8E-5E9B146139B6}
	EndGlobalSection
EndGlobal
